{
  "requires": true,
  "lockfileVersion": 1,
  "dependencies": {
    "foundation-sites": {
      "version": "6.5.0-rc.3",
      "resolved": "https://registry.npmjs.org/foundation-sites/-/foundation-sites-6.5.0-rc.3.tgz",
      "integrity": "sha512-EAGLPdPTE2N0WwXaNdF0rL7Z8cj1rp0PA6ifCM0MrtqdDYwlyLv8eU7fJfd0YapdP/w8w7GkAtb6hTqk1tK0AQ==",
      "dev": true
    }
  }
}
